
Microsoft Visual Studio Solution File, Format Version 12.00
# Visual Studio 15
VisualStudioVersion = 15.0.26730.16
MinimumVisualStudioVersion = 10.0.40219.1
Project("{9A19103F-16F7-4668-BE54-9A1E7A4F7556}") = "TrabalhoFinal-Vendas", "TrabalhoFinal-Vendas\TrabalhoFinal-Vendas.csproj", "{77AB29C7-5C57-4FD8-A242-6A2A21A05A5C}"
EndProject
Project("{9A19103F-16F7-4668-BE54-9A1E7A4F7556}") = "TrabalhoFinal-Vendas.Infrastructure", "TrabalhoFinal-Vendas.Infrastructure\TrabalhoFinal-Vendas.Infrastructure.csproj", "{5F501704-AAFD-4686-83F0-E7616B9ADCF6}"
EndProject
Global
	GlobalSection(SolutionConfigurationPlatforms) = preSolution
		Debug|Any CPU = Debug|Any CPU
		Release|Any CPU = Release|Any CPU
	EndGlobalSection
	GlobalSection(ProjectConfigurationPlatforms) = postSolution
		{77AB29C7-5C57-4FD8-A242-6A2A21A05A5C}.Debug|Any CPU.ActiveCfg = Debug|Any CPU
		{77AB29C7-5C57-4FD8-A242-6A2A21A05A5C}.Debug|Any CPU.Build.0 = Debug|Any CPU
		{77AB29C7-5C57-4FD8-A242-6A2A21A05A5C}.Release|Any CPU.ActiveCfg = Release|Any CPU
		{77AB29C7-5C57-4FD8-A242-6A2A21A05A5C}.Release|Any CPU.Build.0 = Release|Any CPU
		{5F501704-AAFD-4686-83F0-E7616B9ADCF6}.Debug|Any CPU.ActiveCfg = Debug|Any CPU
		{5F501704-AAFD-4686-83F0-E7616B9ADCF6}.Debug|Any CPU.Build.0 = Debug|Any CPU
		{5F501704-AAFD-4686-83F0-E7616B9ADCF6}.Release|Any CPU.ActiveCfg = Release|Any CPU
		{5F501704-AAFD-4686-83F0-E7616B9ADCF6}.Release|Any CPU.Build.0 = Release|Any CPU
	EndGlobalSection
	GlobalSection(SolutionProperties) = preSolution
		HideSolutionNode = FALSE
	EndGlobalSection
	GlobalSection(ExtensibilityGlobals) = postSolution
		SolutionGuid = {AA07B4F6-0F4D-4346-9FB7-EB7EF47FB3D0}
	EndGlobalSection
EndGlobal
