
Microsoft Visual Studio Solution File, Format Version 12.00
# Visual Studio 15
VisualStudioVersion = 15.0.26730.16
MinimumVisualStudioVersion = 10.0.40219.1
Project("{FAE04EC0-301F-11D3-BF4B-00C04F79EFBC}") = "Vendas.WebApi", "Vendas.WebApi\Vendas.WebApi.csproj", "{2889E2B5-5EC0-418C-8CC3-F75171D50C9D}"
EndProject
Project("{FAE04EC0-301F-11D3-BF4B-00C04F79EFBC}") = "Vendas.Infrastructure", "Vendas.Infrastructure\Vendas.Infrastructure.csproj", "{BB6AE71D-6A14-425D-AD0D-A0AEC1EC46D5}"
EndProject
Global
	GlobalSection(SolutionConfigurationPlatforms) = preSolution
		Debug|Any CPU = Debug|Any CPU
		Release|Any CPU = Release|Any CPU
	EndGlobalSection
	GlobalSection(ProjectConfigurationPlatforms) = postSolution
		{2889E2B5-5EC0-418C-8CC3-F75171D50C9D}.Debug|Any CPU.ActiveCfg = Debug|Any CPU
		{2889E2B5-5EC0-418C-8CC3-F75171D50C9D}.Debug|Any CPU.Build.0 = Debug|Any CPU
		{2889E2B5-5EC0-418C-8CC3-F75171D50C9D}.Release|Any CPU.ActiveCfg = Release|Any CPU
		{2889E2B5-5EC0-418C-8CC3-F75171D50C9D}.Release|Any CPU.Build.0 = Release|Any CPU
		{BB6AE71D-6A14-425D-AD0D-A0AEC1EC46D5}.Debug|Any CPU.ActiveCfg = Debug|Any CPU
		{BB6AE71D-6A14-425D-AD0D-A0AEC1EC46D5}.Debug|Any CPU.Build.0 = Debug|Any CPU
		{BB6AE71D-6A14-425D-AD0D-A0AEC1EC46D5}.Release|Any CPU.ActiveCfg = Release|Any CPU
		{BB6AE71D-6A14-425D-AD0D-A0AEC1EC46D5}.Release|Any CPU.Build.0 = Release|Any CPU
	EndGlobalSection
	GlobalSection(SolutionProperties) = preSolution
		HideSolutionNode = FALSE
	EndGlobalSection
	GlobalSection(ExtensibilityGlobals) = postSolution
		SolutionGuid = {D794ECD4-9BDF-46B0-9A4C-02089A144B96}
	EndGlobalSection
EndGlobal
