
Microsoft Visual Studio Solution File, Format Version 12.00
# Visual Studio 15
VisualStudioVersion = 15.0.26730.16
MinimumVisualStudioVersion = 10.0.40219.1
Project("{9A19103F-16F7-4668-BE54-9A1E7A4F7556}") = "VendasFeevale.WebApi", "VendasFeevale.WebApi\VendasFeevale.WebApi.csproj", "{B6739CDF-952C-4E53-91E9-9F92A456D2FB}"
EndProject
Project("{9A19103F-16F7-4668-BE54-9A1E7A4F7556}") = "VendasFeevale.Infrastructure", "VendasFeevale.Infrastructure\VendasFeevale.Infrastructure.csproj", "{11A3FE07-F205-4320-BC43-2F6E734FCC1E}"
EndProject
Global
	GlobalSection(SolutionConfigurationPlatforms) = preSolution
		Debug|Any CPU = Debug|Any CPU
		Release|Any CPU = Release|Any CPU
	EndGlobalSection
	GlobalSection(ProjectConfigurationPlatforms) = postSolution
		{B6739CDF-952C-4E53-91E9-9F92A456D2FB}.Debug|Any CPU.ActiveCfg = Debug|Any CPU
		{B6739CDF-952C-4E53-91E9-9F92A456D2FB}.Debug|Any CPU.Build.0 = Debug|Any CPU
		{B6739CDF-952C-4E53-91E9-9F92A456D2FB}.Release|Any CPU.ActiveCfg = Release|Any CPU
		{B6739CDF-952C-4E53-91E9-9F92A456D2FB}.Release|Any CPU.Build.0 = Release|Any CPU
		{11A3FE07-F205-4320-BC43-2F6E734FCC1E}.Debug|Any CPU.ActiveCfg = Debug|Any CPU
		{11A3FE07-F205-4320-BC43-2F6E734FCC1E}.Debug|Any CPU.Build.0 = Debug|Any CPU
		{11A3FE07-F205-4320-BC43-2F6E734FCC1E}.Release|Any CPU.ActiveCfg = Release|Any CPU
		{11A3FE07-F205-4320-BC43-2F6E734FCC1E}.Release|Any CPU.Build.0 = Release|Any CPU
	EndGlobalSection
	GlobalSection(SolutionProperties) = preSolution
		HideSolutionNode = FALSE
	EndGlobalSection
	GlobalSection(ExtensibilityGlobals) = postSolution
		SolutionGuid = {4AFDE940-40CC-43DA-AA19-97218B3AF90E}
	EndGlobalSection
EndGlobal
